
Microsoft Visual Studio Solution File, Format Version 12.00
# Visual Studio Version 17
VisualStudioVersion = 17.9.34902.65
MinimumVisualStudioVersion = 10.0.40219.1
Project("{FAE04EC0-301F-11D3-BF4B-00C04F79EFBC}") = "DataManagement", "DataManagement\DataManagement.csproj", "{16666CBB-A557-481F-B77C-5F85FCE4F0FE}"
EndProject
Project("{FAE04EC0-301F-11D3-BF4B-00C04F79EFBC}") = "LawnMowerHire", "LawnMowerHire\LawnMowerHire.csproj", "{BFD60C4B-A97C-4469-8B90-B19A4DB3BA37}"
EndProject
Global
	GlobalSection(SolutionConfigurationPlatforms) = preSolution
		Debug|Any CPU = Debug|Any CPU
		Release|Any CPU = Release|Any CPU
	EndGlobalSection
	GlobalSection(ProjectConfigurationPlatforms) = postSolution
		{16666CBB-A557-481F-B77C-5F85FCE4F0FE}.Debug|Any CPU.ActiveCfg = Debug|Any CPU
		{16666CBB-A557-481F-B77C-5F85FCE4F0FE}.Debug|Any CPU.Build.0 = Debug|Any CPU
		{16666CBB-A557-481F-B77C-5F85FCE4F0FE}.Release|Any CPU.ActiveCfg = Release|Any CPU
		{16666CBB-A557-481F-B77C-5F85FCE4F0FE}.Release|Any CPU.Build.0 = Release|Any CPU
		{BFD60C4B-A97C-4469-8B90-B19A4DB3BA37}.Debug|Any CPU.ActiveCfg = Debug|Any CPU
		{BFD60C4B-A97C-4469-8B90-B19A4DB3BA37}.Debug|Any CPU.Build.0 = Debug|Any CPU
		{BFD60C4B-A97C-4469-8B90-B19A4DB3BA37}.Release|Any CPU.ActiveCfg = Release|Any CPU
		{BFD60C4B-A97C-4469-8B90-B19A4DB3BA37}.Release|Any CPU.Build.0 = Release|Any CPU
	EndGlobalSection
	GlobalSection(SolutionProperties) = preSolution
		HideSolutionNode = FALSE
	EndGlobalSection
	GlobalSection(ExtensibilityGlobals) = postSolution
		SolutionGuid = {1F75976C-8A96-4420-982E-6063656C10F2}
	EndGlobalSection
EndGlobal
